// !$*UTF8*$!
{
	archiveVersion = 1;
	classes = {
	};
	objectVersion = 48;
	objects = {

/* Begin PBXBuildFile section */
		1879EF7420CE1F5C007A4975 /* AppDelegate.swift in Sources */ = {isa = PBXBuildFile; fileRef = 1879EF7320CE1F5C007A4975 /* AppDelegate.swift */; };
		1879EF7620CE1F5C007A4975 /* ViewController.swift in Sources */ = {isa = PBXBuildFile; fileRef = 1879EF7520CE1F5C007A4975 /* ViewController.swift */; };
		1879EF7920CE1F5C007A4975 /* Main.storyboard in Resources */ = {isa = PBXBuildFile; fileRef = 1879EF7720CE1F5C007A4975 /* Main.storyboard */; };
		1879EF7B20CE1F5C007A4975 /* Assets.xcassets in Resources */ = {isa = PBXBuildFile; fileRef = 1879EF7A20CE1F5C007A4975 /* Assets.xcassets */; };
		1879EF7E20CE1F5C007A4975 /* LaunchScreen.storyboard in Resources */ = {isa = PBXBuildFile; fileRef = 1879EF7C20CE1F5C007A4975 /* LaunchScreen.storyboard */; };
		1879EF8920CE1F5C007A4975 /* SwiftDemoTests.swift in Sources */ = {isa = PBXBuildFile; fileRef = 1879EF8820CE1F5C007A4975 /* SwiftDemoTests.swift */; };
		1879EF9420CE1F5C007A4975 /* SwiftDemoUITests.swift in Sources */ = {isa = PBXBuildFile; fileRef = 1879EF9320CE1F5C007A4975 /* SwiftDemoUITests.swift */; };
/* End PBXBuildFile section */

/* Begin PBXContainerItemProxy section */
		1879EF8520CE1F5C007A4975 /* PBXContainerItemProxy */ = {
			isa = PBXContainerItemProxy;
			containerPortal = 1879EF6820CE1F5C007A4975 /* Project object */;
			proxyType = 1;
			remoteGlobalIDString = 1879EF6F20CE1F5C007A4975;
			remoteInfo = SwiftDemo;
		};
		1879EF9020CE1F5C007A4975 /* PBXContainerItemProxy */ = {
			isa = PBXContainerItemProxy;
			containerPortal = 1879EF6820CE1F5C007A4975 /* Project object */;
			proxyType = 1;
			remoteGlobalIDString = 1879EF6F20CE1F5C007A4975;
			remoteInfo = SwiftDemo;
		};
/* End PBXContainerItemProxy section */

/* Begin PBXFileReference section */
		1879EF7020CE1F5C007A4975 /* SwiftDemo.app */ = {isa = PBXFileReference; explicitFileType = wrapper.application; includeInIndex = 0; path = SwiftDemo.app; sourceTree = BUILT_PRODUCTS_DIR; };
		1879EF7320CE1F5C007A4975 /* AppDelegate.swift */ = {isa = PBXFileReference; lastKnownFileType = sourcecode.swift; path = AppDelegate.swift; sourceTree = "<group>"; };
		1879EF7520CE1F5C007A4975 /* ViewController.swift */ = {isa = PBXFileReference; lastKnownFileType = sourcecode.swift; path = ViewController.swift; sourceTree = "<group>"; };
		1879EF7820CE1F5C007A4975 /* Base */ = {isa = PBXFileReference; lastKnownFileType = file.storyboard; name = Base; path = Base.lproj/Main.storyboard; sourceTree = "<group>"; };
		1879EF7A20CE1F5C007A4975 /* Assets.xcassets */ = {isa = PBXFileReference; lastKnownFileType = folder.assetcatalog; path = Assets.xcassets; sourceTree = "<group>"; };
		1879EF7D20CE1F5C007A4975 /* Base */ = {isa = PBXFileReference; lastKnownFileType = file.storyboard; name = Base; path = Base.lproj/LaunchScreen.storyboard; sourceTree = "<group>"; };
		1879EF7F20CE1F5C007A4975 /* Info.plist */ = {isa = PBXFileReference; lastKnownFileType = text.plist.xml; path = Info.plist; sourceTree = "<group>"; };
		1879EF8420CE1F5C007A4975 /* SwiftDemoTests.xctest */ = {isa = PBXFileReference; explicitFileType = wrapper.cfbundle; includeInIndex = 0; path = SwiftDemoTests.xctest; sourceTree = BUILT_PRODUCTS_DIR; };
		1879EF8820CE1F5C007A4975 /* SwiftDemoTests.swift */ = {isa = PBXFileReference; lastKnownFileType = sourcecode.swift; path = SwiftDemoTests.swift; sourceTree = "<group>"; };
		1879EF8A20CE1F5C007A4975 /* Info.plist */ = {isa = PBXFileReference; lastKnownFileType = text.plist.xml; path = Info.plist; sourceTree = "<group>"; };
		1879EF8F20CE1F5C007A4975 /* SwiftDemoUITests.xctest */ = {isa = PBXFileReference; explicitFileType = wrapper.cfbundle; includeInIndex = 0; path = SwiftDemoUITests.xctest; sourceTree = BUILT_PRODUCTS_DIR; };
		1879EF9320CE1F5C007A4975 /* SwiftDemoUITests.swift */ = {isa = PBXFileReference; lastKnownFileType = sourcecode.swift; path = SwiftDemoUITests.swift; sourceTree = "<group>"; };
		1879EF9520CE1F5C007A4975 /* Info.plist */ = {isa = PBXFileReference; lastKnownFileType = text.plist.xml; path = Info.plist; sourceTree = "<group>"; };
/* End PBXFileReference section */

/* Begin PBXFrameworksBuildPhase section */
		1879EF6D20CE1F5C007A4975 /* Frameworks */ = {
			isa = PBXFrameworksBuildPhase;
			buildActionMask = 2147483647;
			files = (
			);
			runOnlyForDeploymentPostprocessing = 0;
		};
		1879EF8120CE1F5C007A4975 /* Frameworks */ = {
			isa = PBXFrameworksBuildPhase;
			buildActionMask = 2147483647;
			files = (
			);
			runOnlyForDeploymentPostprocessing = 0;
		};
		1879EF8C20CE1F5C007A4975 /* Frameworks */ = {
			isa = PBXFrameworksBuildPhase;
			buildActionMask = 2147483647;
			files = (
			);
			runOnlyForDeploymentPostprocessing = 0;
		};
/* End PBXFrameworksBuildPhase section */

/* Begin PBXGroup section */
		1879EF6720CE1F5C007A4975 = {
			isa = PBXGroup;
			children = (
				1879EF7220CE1F5C007A4975 /* SwiftDemo */,
				1879EF8720CE1F5C007A4975 /* SwiftDemoTests */,
				1879EF9220CE1F5C007A4975 /* SwiftDemoUITests */,
				1879EF7120CE1F5C007A4975 /* Products */,
			);
			sourceTree = "<group>";
		};
		1879EF7120CE1F5C007A4975 /* Products */ = {
			isa = PBXGroup;
			children = (
				1879EF7020CE1F5C007A4975 /* SwiftDemo.app */,
				1879EF8420CE1F5C007A4975 /* SwiftDemoTests.xctest */,
				1879EF8F20CE1F5C007A4975 /* SwiftDemoUITests.xctest */,
			);
			name = Products;
			sourceTree = "<group>";
		};
		1879EF7220CE1F5C007A4975 /* SwiftDemo */ = {
			isa = PBXGroup;
			children = (
				1879EF7320CE1F5C007A4975 /* AppDelegate.swift */,
				1879EF7520CE1F5C007A4975 /* ViewController.swift */,
				1879EF7720CE1F5C007A4975 /* Main.storyboard */,
				1879EF7A20CE1F5C007A4975 /* Assets.xcassets */,
				1879EF7C20CE1F5C007A4975 /* LaunchScreen.storyboard */,
				1879EF7F20CE1F5C007A4975 /* Info.plist */,
			);
			path = SwiftDemo;
			sourceTree = "<group>";
		};
		1879EF8720CE1F5C007A4975 /* SwiftDemoTests */ = {
			isa = PBXGroup;
			children = (
				1879EF8820CE1F5C007A4975 /* SwiftDemoTests.swift */,
				1879EF8A20CE1F5C007A4975 /* Info.plist */,
			);
			path = SwiftDemoTests;
			sourceTree = "<group>";
		};
		1879EF9220CE1F5C007A4975 /* SwiftDemoUITests */ = {
			isa = PBXGroup;
			children = (
				1879EF9320CE1F5C007A4975 /* SwiftDemoUITests.swift */,
				1879EF9520CE1F5C007A4975 /* Info.plist */,
			);
			path = SwiftDemoUITests;
			sourceTree = "<group>";
		};
/* End PBXGroup section */

/* Begin PBXNativeTarget section */
		1879EF6F20CE1F5C007A4975 /* SwiftDemo */ = {
			isa = PBXNativeTarget;
			buildConfigurationList = 1879EF9820CE1F5C007A4975 /* Build configuration list for PBXNativeTarget "SwiftDemo" */;
			buildPhases = (
				1879EF6C20CE1F5C007A4975 /* Sources */,
				1879EF6D20CE1F5C007A4975 /* Frameworks */,
				1879EF6E20CE1F5C007A4975 /* Resources */,
			);
			buildRules = (
			);
			dependencies = (
			);
			name = SwiftDemo;
			productName = SwiftDemo;
			productReference = 1879EF7020CE1F5C007A4975 /* SwiftDemo.app */;
			productType = "com.apple.product-type.application";
		};
		1879EF8320CE1F5C007A4975 /* SwiftDemoTests */ = {
			isa = PBXNativeTarget;
			buildConfigurationList = 1879EF9B20CE1F5C007A4975 /* Build configuration list for PBXNativeTarget "SwiftDemoTests" */;
			buildPhases = (
				1879EF8020CE1F5C007A4975 /* Sources */,
				1879EF8120CE1F5C007A4975 /* Frameworks */,
				1879EF8220CE1F5C007A4975 /* Resources */,
			);
			buildRules = (
			);
			dependencies = (
				1879EF8620CE1F5C007A4975 /* PBXTargetDependency */,
			);
			name = SwiftDemoTests;
			productName = SwiftDemoTests;
			productReference = 1879EF8420CE1F5C007A4975 /* SwiftDemoTests.xctest */;
			productType = "com.apple.product-type.bundle.unit-test";
		};
		1879EF8E20CE1F5C007A4975 /* SwiftDemoUITests */ = {
			isa = PBXNativeTarget;
			buildConfigurationList = 1879EF9E20CE1F5C007A4975 /* Build configuration list for PBXNativeTarget "SwiftDemoUITests" */;
			buildPhases = (
				1879EF8B20CE1F5C007A4975 /* Sources */,
				1879EF8C20CE1F5C007A4975 /* Frameworks */,
				1879EF8D20CE1F5C007A4975 /* Resources */,
			);
			buildRules = (
			);
			dependencies = (
				1879EF9120CE1F5C007A4975 /* PBXTargetDependency */,
			);
			name = SwiftDemoUITests;
			productName = SwiftDemoUITests;
			productReference = 1879EF8F20CE1F5C007A4975 /* SwiftDemoUITests.xctest */;
			productType = "com.apple.product-type.bundle.ui-testing";
		};
/* End PBXNativeTarget section */

/* Begin PBXProject section */
		1879EF6820CE1F5C007A4975 /* Project object */ = {
			isa = PBXProject;
			attributes = {
				LastSwiftUpdateCheck = 0920;
				LastUpgradeCheck = 0920;
				ORGANIZATIONNAME = SLKJ;
				TargetAttributes = {
					1879EF6F20CE1F5C007A4975 = {
						CreatedOnToolsVersion = 9.2;
						ProvisioningStyle = Automatic;
					};
					1879EF8320CE1F5C007A4975 = {
						CreatedOnToolsVersion = 9.2;
						ProvisioningStyle = Automatic;
						TestTargetID = 1879EF6F20CE1F5C007A4975;
					};
					1879EF8E20CE1F5C007A4975 = {
						CreatedOnToolsVersion = 9.2;
						ProvisioningStyle = Automatic;
						TestTargetID = 1879EF6F20CE1F5C007A4975;
					};
				};
			};
			buildConfigurationList = 1879EF6B20CE1F5C007A4975 /* Build configuration list for PBXProject "SwiftDemo" */;
			compatibilityVersion = "Xcode 8.0";
			developmentRegion = en;
			hasScannedForEncodings = 0;
			knownRegions = (
				en,
				Base,
			);
			mainGroup = 1879EF6720CE1F5C007A4975;
			productRefGroup = 1879EF7120CE1F5C007A4975 /* Products */;
			projectDirPath = "";
			projectRoot = "";
			targets = (
				1879EF6F20CE1F5C007A4975 /* SwiftDemo */,
				1879EF8320CE1F5C007A4975 /* SwiftDemoTests */,
				1879EF8E20CE1F5C007A4975 /* SwiftDemoUITests */,
			);
		};
/* End PBXProject section */

/* Begin PBXResourcesBuildPhase section */
		1879EF6E20CE1F5C007A4975 /* Resources */ = {
			isa = PBXResourcesBuildPhase;
			buildActionMask = 2147483647;
			files = (
				1879EF7E20CE1F5C007A4975 /* LaunchScreen.storyboard in Resources */,
				1879EF7B20CE1F5C007A4975 /* Assets.xcassets in Resources */,
				1879EF7920CE1F5C007A4975 /* Main.storyboard in Resources */,
			);
			runOnlyForDeploymentPostprocessing = 0;
		};
		1879EF8220CE1F5C007A4975 /* Resources */ = {
			isa = PBXResourcesBuildPhase;
			buildActionMask = 2147483647;
			files = (
			);
			runOnlyForDeploymentPostprocessing = 0;
		};
		1879EF8D20CE1F5C007A4975 /* Resources */ = {
			isa = PBXResourcesBuildPhase;
			buildActionMask = 2147483647;
			files = (
			);
			runOnlyForDeploymentPostprocessing = 0;
		};
/* End PBXResourcesBuildPhase section */

/* Begin PBXSourcesBuildPhase section */
		1879EF6C20CE1F5C007A4975 /* Sources */ = {
			isa = PBXSourcesBuildPhase;
			buildActionMask = 2147483647;
			files = (
				1879EF7620CE1F5C007A4975 /* ViewController.swift in Sources */,
				1879EF7420CE1F5C007A4975 /* AppDelegate.swift in Sources */,
			);
			runOnlyForDeploymentPostprocessing = 0;
		};
		1879EF8020CE1F5C007A4975 /* Sources */ = {
			isa = PBXSourcesBuildPhase;
			buildActionMask = 2147483647;
			files = (
				1879EF8920CE1F5C007A4975 /* SwiftDemoTests.swift in Sources */,
			);
			runOnlyForDeploymentPostprocessing = 0;
		};
		1879EF8B20CE1F5C007A4975 /* Sources */ = {
			isa = PBXSourcesBuildPhase;
			buildActionMask = 2147483647;
			files = (
				1879EF9420CE1F5C007A4975 /* SwiftDemoUITests.swift in Sources */,
			);
			runOnlyForDeploymentPostprocessing = 0;
		};
/* End PBXSourcesBuildPhase section */

/* Begin PBXTargetDependency section */
		1879EF8620CE1F5C007A4975 /* PBXTargetDependency */ = {
			isa = PBXTargetDependency;
			target = 1879EF6F20CE1F5C007A4975 /* SwiftDemo */;
			targetProxy = 1879EF8520CE1F5C007A4975 /* PBXContainerItemProxy */;
		};
		1879EF9120CE1F5C007A4975 /* PBXTargetDependency */ = {
			isa = PBXTargetDependency;
			target = 1879EF6F20CE1F5C007A4975 /* SwiftDemo */;
			targetProxy = 1879EF9020CE1F5C007A4975 /* PBXContainerItemProxy */;
		};
/* End PBXTargetDependency section */

/* Begin PBXVariantGroup section */
		1879EF7720CE1F5C007A4975 /* Main.storyboard */ = {
			isa = PBXVariantGroup;
			children = (
				1879EF7820CE1F5C007A4975 /* Base */,
			);
			name = Main.storyboard;
			sourceTree = "<group>";
		};
		1879EF7C20CE1F5C007A4975 /* LaunchScreen.storyboard */ = {
			isa = PBXVariantGroup;
			children = (
				1879EF7D20CE1F5C007A4975 /* Base */,
			);
			name = LaunchScreen.storyboard;
			sourceTree = "<group>";
		};
/* End PBXVariantGroup section */

/* Begin XCBuildConfiguration section */
		1879EF9620CE1F5C007A4975 /* Debug */ = {
			isa = XCBuildConfiguration;
			buildSettings = {
				ALWAYS_SEARCH_USER_PATHS = NO;
				CLANG_ANALYZER_NONNULL = YES;
				CLANG_ANALYZER_NUMBER_OBJECT_CONVERSION = YES_AGGRESSIVE;
				CLANG_CXX_LANGUAGE_STANDARD = "gnu++14";
				CLANG_CXX_LIBRARY = "libc++";
				CLANG_ENABLE_MODULES = YES;
				CLANG_ENABLE_OBJC_ARC = YES;
				CLANG_WARN_BLOCK_CAPTURE_AUTORELEASING = YES;
				CLANG_WARN_BOOL_CONVERSION = YES;
				CLANG_WARN_COMMA = YES;
				CLANG_WARN_CONSTANT_CONVERSION = YES;
				CLANG_WARN_DIRECT_OBJC_ISA_USAGE = YES_ERROR;
				CLANG_WARN_DOCUMENTATION_COMMENTS = YES;
				CLANG_WARN_EMPTY_BODY = YES;
				CLANG_WARN_ENUM_CONVERSION = YES;
				CLANG_WARN_INFINITE_RECURSION = YES;
				CLANG_WARN_INT_CONVERSION = YES;
				CLANG_WARN_NON_LITERAL_NULL_CONVERSION = YES;
				CLANG_WARN_OBJC_LITERAL_CONVERSION = YES;
				CLANG_WARN_OBJC_ROOT_CLASS = YES_ERROR;
				CLANG_WARN_RANGE_LOOP_ANALYSIS = YES;
				CLANG_WARN_STRICT_PROTOTYPES = YES;
				CLANG_WARN_SUSPICIOUS_MOVE = YES;
				CLANG_WARN_UNGUARDED_AVAILABILITY = YES_AGGRESSIVE;
				CLANG_WARN_UNREACHABLE_CODE = YES;
				CLANG_WARN__DUPLICATE_METHOD_MATCH = YES;
				CODE_SIGN_IDENTITY = "iPhone Developer";
				COPY_PHASE_STRIP = NO;
				DEBUG_INFORMATION_FORMAT = dwarf;
				ENABLE_STRICT_OBJC_MSGSEND = YES;
				ENABLE_TESTABILITY = YES;
				GCC_C_LANGUAGE_STANDARD = gnu11;
				GCC_DYNAMIC_NO_PIC = NO;
				GCC_NO_COMMON_BLOCKS = YES;
				GCC_OPTIMIZATION_LEVEL = 0;
				GCC_PREPROCESSOR_DEFINITIONS = (
					"DEBUG=1",
					"$(inherited)",
				);
				GCC_WARN_64_TO_32_BIT_CONVERSION = YES;
				GCC_WARN_ABOUT_RETURN_TYPE = YES_ERROR;
				GCC_WARN_UNDECLARED_SELECTOR = YES;
				GCC_WARN_UNINITIALIZED_AUTOS = YES_AGGRESSIVE;
				GCC_WARN_UNUSED_FUNCTION = YES;
				GCC_WARN_UNUSED_VARIABLE = YES;
				IPHONEOS_DEPLOYMENT_TARGET = 11.2;
				MTL_ENABLE_DEBUG_INFO = YES;
				ONLY_ACTIVE_ARCH = YES;
				SDKROOT = iphoneos;
				SWIFT_ACTIVE_COMPILATION_CONDITIONS = DEBUG;
				SWIFT_OPTIMIZATION_LEVEL = "-Onone";
			};
			name = Debug;
		};
		1879EF9720CE1F5C007A4975 /* Release */ = {
			isa = XCBuildConfiguration;
			buildSettings = {
				ALWAYS_SEARCH_USER_PATHS = NO;
				CLANG_ANALYZER_NONNULL = YES;
				CLANG_ANALYZER_NUMBER_OBJECT_CONVERSION = YES_AGGRESSIVE;
				CLANG_CXX_LANGUAGE_STANDARD = "gnu++14";
				CLANG_CXX_LIBRARY = "libc++";
				CLANG_ENABLE_MODULES = YES;
				CLANG_ENABLE_OBJC_ARC = YES;
				CLANG_WARN_BLOCK_CAPTURE_AUTORELEASING = YES;
				CLANG_WARN_BOOL_CONVERSION = YES;
				CLANG_WARN_COMMA = YES;
				CLANG_WARN_CONSTANT_CONVERSION = YES;
				CLANG_WARN_DIRECT_OBJC_ISA_USAGE = YES_ERROR;
				CLANG_WARN_DOCUMENTATION_COMMENTS = YES;
				CLANG_WARN_EMPTY_BODY = YES;
				CLANG_WARN_ENUM_CONVERSION = YES;
				CLANG_WARN_INFINITE_RECURSION = YES;
				CLANG_WARN_INT_CONVERSION = YES;
				CLANG_WARN_NON_LITERAL_NULL_CONVERSION = YES;
				CLANG_WARN_OBJC_LITERAL_CONVERSION = YES;
				CLANG_WARN_OBJC_ROOT_CLASS = YES_ERROR;
				CLANG_WARN_RANGE_LOOP_ANALYSIS = YES;
				CLANG_WARN_STRICT_PROTOTYPES = YES;
				CLANG_WARN_SUSPICIOUS_MOVE = YES;
				CLANG_WARN_UNGUARDED_AVAILABILITY = YES_AGGRESSIVE;
				CLANG_WARN_UNREACHABLE_CODE = YES;
				CLANG_WARN__DUPLICATE_METHOD_MATCH = YES;
				CODE_SIGN_IDENTITY = "iPhone Developer";
				COPY_PHASE_STRIP = NO;
				DEBUG_INFORMATION_FORMAT = "dwarf-with-dsym";
				ENABLE_NS_ASSERTIONS = NO;
				ENABLE_STRICT_OBJC_MSGSEND = YES;
				GCC_C_LANGUAGE_STANDARD = gnu11;
				GCC_NO_COMMON_BLOCKS = YES;
				GCC_WARN_64_TO_32_BIT_CONVERSION = YES;
				GCC_WARN_ABOUT_RETURN_TYPE = YES_ERROR;
				GCC_WARN_UNDECLARED_SELECTOR = YES;
				GCC_WARN_UNINITIALIZED_AUTOS = YES_AGGRESSIVE;
				GCC_WARN_UNUSED_FUNCTION = YES;
				GCC_WARN_UNUSED_VARIABLE = YES;
				IPHONEOS_DEPLOYMENT_TARGET = 11.2;
				MTL_ENABLE_DEBUG_INFO = NO;
				SDKROOT = iphoneos;
				SWIFT_OPTIMIZATION_LEVEL = "-Owholemodule";
				VALIDATE_PRODUCT = YES;
			};
			name = Release;
		};
		1879EF9920CE1F5C007A4975 /* Debug */ = {
			isa = XCBuildConfiguration;
			buildSettings = {
				ASSETCATALOG_COMPILER_APPICON_NAME = AppIcon;
				CODE_SIGN_STYLE = Automatic;
				INFOPLIST_FILE = SwiftDemo/Info.plist;
				LD_RUNPATH_SEARCH_PATHS = "$(inherited) @executable_path/Frameworks";
				PRODUCT_BUNDLE_IDENTIFIER = com.slkj.SwiftDemo;
				PRODUCT_NAME = "$(TARGET_NAME)";
				SWIFT_VERSION = 4.0;
				TARGETED_DEVICE_FAMILY = "1,2";
			};
			name = Debug;
		};
		1879EF9A20CE1F5C007A4975 /* Release */ = {
			isa = XCBuildConfiguration;
			buildSettings = {
				ASSETCATALOG_COMPILER_APPICON_NAME = AppIcon;
				CODE_SIGN_STYLE = Automatic;
				INFOPLIST_FILE = SwiftDemo/Info.plist;
				LD_RUNPATH_SEARCH_PATHS = "$(inherited) @executable_path/Frameworks";
				PRODUCT_BUNDLE_IDENTIFIER = com.slkj.SwiftDemo;
				PRODUCT_NAME = "$(TARGET_NAME)";
				SWIFT_VERSION = 4.0;
				TARGETED_DEVICE_FAMILY = "1,2";
			};
			name = Release;
		};
		1879EF9C20CE1F5C007A4975 /* Debug */ = {
			isa = XCBuildConfiguration;
			buildSettings = {
				ALWAYS_EMBED_SWIFT_STANDARD_LIBRARIES = YES;
				BUNDLE_LOADER = "$(TEST_HOST)";
				CODE_SIGN_STYLE = Automatic;
				INFOPLIST_FILE = SwiftDemoTests/Info.plist;
				LD_RUNPATH_SEARCH_PATHS = "$(inherited) @executable_path/Frameworks @loader_path/Frameworks";
				PRODUCT_BUNDLE_IDENTIFIER = com.slkj.SwiftDemoTests;
				PRODUCT_NAME = "$(TARGET_NAME)";
				SWIFT_VERSION = 4.0;
				TARGETED_DEVICE_FAMILY = "1,2";
				TEST_HOST = "$(BUILT_PRODUCTS_DIR)/SwiftDemo.app/SwiftDemo";
			};
			name = Debug;
		};
		1879EF9D20CE1F5C007A4975 /* Release */ = {
			isa = XCBuildConfiguration;
			buildSettings = {
				ALWAYS_EMBED_SWIFT_STANDARD_LIBRARIES = YES;
				BUNDLE_LOADER = "$(TEST_HOST)";
				CODE_SIGN_STYLE = Automatic;
				INFOPLIST_FILE = SwiftDemoTests/Info.plist;
				LD_RUNPATH_SEARCH_PATHS = "$(inherited) @executable_path/Frameworks @loader_path/Frameworks";
				PRODUCT_BUNDLE_IDENTIFIER = com.slkj.SwiftDemoTests;
				PRODUCT_NAME = "$(TARGET_NAME)";
				SWIFT_VERSION = 4.0;
				TARGETED_DEVICE_FAMILY = "1,2";
				TEST_HOST = "$(BUILT_PRODUCTS_DIR)/SwiftDemo.app/SwiftDemo";
			};
			name = Release;
		};
		1879EF9F20CE1F5C007A4975 /* Debug */ = {
			isa = XCBuildConfiguration;
			buildSettings = {
				ALWAYS_EMBED_SWIFT_STANDARD_LIBRARIES = YES;
				CODE_SIGN_STYLE = Automatic;
				INFOPLIST_FILE = SwiftDemoUITests/Info.plist;
				LD_RUNPATH_SEARCH_PATHS = "$(inherited) @executable_path/Frameworks @loader_path/Frameworks";
				PRODUCT_BUNDLE_IDENTIFIER = com.slkj.SwiftDemoUITests;
				PRODUCT_NAME = "$(TARGET_NAME)";
				SWIFT_VERSION = 4.0;
				TARGETED_DEVICE_FAMILY = "1,2";
				TEST_TARGET_NAME = SwiftDemo;
			};
			name = Debug;
		};
		1879EFA020CE1F5C007A4975 /* Release */ = {
			isa = XCBuildConfiguration;
			buildSettings = {
				ALWAYS_EMBED_SWIFT_STANDARD_LIBRARIES = YES;
				CODE_SIGN_STYLE = Automatic;
				INFOPLIST_FILE = SwiftDemoUITests/Info.plist;
				LD_RUNPATH_SEARCH_PATHS = "$(inherited) @executable_path/Frameworks @loader_path/Frameworks";
				PRODUCT_BUNDLE_IDENTIFIER = com.slkj.SwiftDemoUITests;
				PRODUCT_NAME = "$(TARGET_NAME)";
				SWIFT_VERSION = 4.0;
				TARGETED_DEVICE_FAMILY = "1,2";
				TEST_TARGET_NAME = SwiftDemo;
			};
			name = Release;
		};
/* End XCBuildConfiguration section */

/* Begin XCConfigurationList section */
		1879EF6B20CE1F5C007A4975 /* Build configuration list for PBXProject "SwiftDemo" */ = {
			isa = XCConfigurationList;
			buildConfigurations = (
				1879EF9620CE1F5C007A4975 /* Debug */,
				1879EF9720CE1F5C007A4975 /* Release */,
			);
			defaultConfigurationIsVisible = 0;
			defaultConfigurationName = Release;
		};
		1879EF9820CE1F5C007A4975 /* Build configuration list for PBXNativeTarget "SwiftDemo" */ = {
			isa = XCConfigurationList;
			buildConfigurations = (
				1879EF9920CE1F5C007A4975 /* Debug */,
				1879EF9A20CE1F5C007A4975 /* Release */,
			);
			defaultConfigurationIsVisible = 0;
			defaultConfigurationName = Release;
		};
		1879EF9B20CE1F5C007A4975 /* Build configuration list for PBXNativeTarget "SwiftDemoTests" */ = {
			isa = XCConfigurationList;
			buildConfigurations = (
				1879EF9C20CE1F5C007A4975 /* Debug */,
				1879EF9D20CE1F5C007A4975 /* Release */,
			);
			defaultConfigurationIsVisible = 0;
			defaultConfigurationName = Release;
		};
		1879EF9E20CE1F5C007A4975 /* Build configuration list for PBXNativeTarget "SwiftDemoUITests" */ = {
			isa = XCConfigurationList;
			buildConfigurations = (
				1879EF9F20CE1F5C007A4975 /* Debug */,
				1879EFA020CE1F5C007A4975 /* Release */,
			);
			defaultConfigurationIsVisible = 0;
			defaultConfigurationName = Release;
		};
/* End XCConfigurationList section */
	};
	rootObject = 1879EF6820CE1F5C007A4975 /* Project object */;
}
